
Microsoft Visual Studio Solution File, Format Version 12.00
# Visual Studio Version 17
VisualStudioVersion = 17.14.36310.24
MinimumVisualStudioVersion = 10.0.40219.1
Project("{FAE04EC0-301F-11D3-BF4B-00C04F79EFBC}") = "estoque-api", "estoque-api.csproj", "{D4756395-7387-763A-ACE0-1970CF5B08A0}"
EndProject
Project("{FAE04EC0-301F-11D3-BF4B-00C04F79EFBC}") = "estoque-api.Tests", "..\estoque-api.Tests\estoque-api.Tests.csproj", "{200A10D0-1DAC-97BA-330A-5E717977B347}"
EndProject
Project("{2150E333-8FDC-42A3-9474-1A3956D46DE8}") = "Itens de Solução", "Itens de Solução", "{380A7511-A354-6D7A-0CC0-8FA1F1BA7B6C}"
	ProjectSection(SolutionItems) = preProject
		tasks.txt = tasks.txt
	EndProjectSection
EndProject
Global
	GlobalSection(SolutionConfigurationPlatforms) = preSolution
		Debug|Any CPU = Debug|Any CPU
		Release|Any CPU = Release|Any CPU
	EndGlobalSection
	GlobalSection(ProjectConfigurationPlatforms) = postSolution
		{D4756395-7387-763A-ACE0-1970CF5B08A0}.Debug|Any CPU.ActiveCfg = Debug|Any CPU
		{D4756395-7387-763A-ACE0-1970CF5B08A0}.Debug|Any CPU.Build.0 = Debug|Any CPU
		{D4756395-7387-763A-ACE0-1970CF5B08A0}.Release|Any CPU.ActiveCfg = Release|Any CPU
		{D4756395-7387-763A-ACE0-1970CF5B08A0}.Release|Any CPU.Build.0 = Release|Any CPU
		{200A10D0-1DAC-97BA-330A-5E717977B347}.Debug|Any CPU.ActiveCfg = Debug|Any CPU
		{200A10D0-1DAC-97BA-330A-5E717977B347}.Debug|Any CPU.Build.0 = Debug|Any CPU
		{200A10D0-1DAC-97BA-330A-5E717977B347}.Release|Any CPU.ActiveCfg = Release|Any CPU
		{200A10D0-1DAC-97BA-330A-5E717977B347}.Release|Any CPU.Build.0 = Release|Any CPU
	EndGlobalSection
	GlobalSection(SolutionProperties) = preSolution
		HideSolutionNode = FALSE
	EndGlobalSection
	GlobalSection(ExtensibilityGlobals) = postSolution
		SolutionGuid = {F7C60675-B2FE-4045-A94A-C6055984791E}
	EndGlobalSection
EndGlobal
